
Microsoft Visual Studio Solution File, Format Version 12.00
Project("{FAE04EC0-301F-11D3-BF4B-00C04F79EFBC}") = "QAndA", "QAndA.csproj", "{2EC14700-2D5D-444C-B599-FF94906C7750}"
EndProject
Project("{FAE04EC0-301F-11D3-BF4B-00C04F79EFBC}") = "BackendTests", "..\BackendTests\BackendTests\BackendTests.csproj", "{A63B00D4-2530-45B9-8F69-F5116B7962BC}"
EndProject
Global
	GlobalSection(SolutionConfigurationPlatforms) = preSolution
		Debug|Any CPU = Debug|Any CPU
		Release|Any CPU = Release|Any CPU
	EndGlobalSection
	GlobalSection(ProjectConfigurationPlatforms) = postSolution
		{2EC14700-2D5D-444C-B599-FF94906C7750}.Debug|Any CPU.ActiveCfg = Debug|Any CPU
		{2EC14700-2D5D-444C-B599-FF94906C7750}.Debug|Any CPU.Build.0 = Debug|Any CPU
		{2EC14700-2D5D-444C-B599-FF94906C7750}.Release|Any CPU.ActiveCfg = Release|Any CPU
		{2EC14700-2D5D-444C-B599-FF94906C7750}.Release|Any CPU.Build.0 = Release|Any CPU
		{A63B00D4-2530-45B9-8F69-F5116B7962BC}.Debug|Any CPU.ActiveCfg = Debug|Any CPU
		{A63B00D4-2530-45B9-8F69-F5116B7962BC}.Debug|Any CPU.Build.0 = Debug|Any CPU
		{A63B00D4-2530-45B9-8F69-F5116B7962BC}.Release|Any CPU.ActiveCfg = Release|Any CPU
		{A63B00D4-2530-45B9-8F69-F5116B7962BC}.Release|Any CPU.Build.0 = Release|Any CPU
	EndGlobalSection
EndGlobal
